// !$*UTF8*$!
{
	archiveVersion = 1;
	classes = {
	};
	objectVersion = 55;
	objects = {

/* Begin PBXBuildFile section */
		54C60BA22912ACBA003DA0E9 /* AppDelegate.swift in Sources */ = {isa = PBXBuildFile; fileRef = 54C60BA12912ACBA003DA0E9 /* AppDelegate.swift */; };
		54C60BA42912ACBA003DA0E9 /* SceneDelegate.swift in Sources */ = {isa = PBXBuildFile; fileRef = 54C60BA32912ACBA003DA0E9 /* SceneDelegate.swift */; };
		54C60BA62912ACBA003DA0E9 /* ViewController.swift in Sources */ = {isa = PBXBuildFile; fileRef = 54C60BA52912ACBA003DA0E9 /* ViewController.swift */; };
		54C60BA92912ACBA003DA0E9 /* Main.storyboard in Resources */ = {isa = PBXBuildFile; fileRef = 54C60BA72912ACBA003DA0E9 /* Main.storyboard */; };
		54C60BAB2912ACBC003DA0E9 /* Assets.xcassets in Resources */ = {isa = PBXBuildFile; fileRef = 54C60BAA2912ACBC003DA0E9 /* Assets.xcassets */; };
		54C60BAE2912ACBC003DA0E9 /* LaunchScreen.storyboard in Resources */ = {isa = PBXBuildFile; fileRef = 54C60BAC2912ACBC003DA0E9 /* LaunchScreen.storyboard */; };
		54C60BBB2912AE0A003DA0E9 /* WelcomeViewController.swift in Sources */ = {isa = PBXBuildFile; fileRef = 54C60BBA2912AE0A003DA0E9 /* WelcomeViewController.swift */; };
		54C60BBD2912AECC003DA0E9 /* ChatViewController.swift in Sources */ = {isa = PBXBuildFile; fileRef = 54C60BBC2912AECC003DA0E9 /* ChatViewController.swift */; };
		54C60BBF2912AEE3003DA0E9 /* RegisterViewController.swift in Sources */ = {isa = PBXBuildFile; fileRef = 54C60BBE2912AEE3003DA0E9 /* RegisterViewController.swift */; };
		54C60BC12912AEF6003DA0E9 /* LoginViewController.swift in Sources */ = {isa = PBXBuildFile; fileRef = 54C60BC02912AEF6003DA0E9 /* LoginViewController.swift */; };
		54CC2C2D2916A6D200449DA1 /* constants.swift in Sources */ = {isa = PBXBuildFile; fileRef = 54CC2C2C2916A6D200449DA1 /* constants.swift */; };
		54CC2C2F2916AE2F00449DA1 /* Message.swift in Sources */ = {isa = PBXBuildFile; fileRef = 54CC2C2E2916AE2F00449DA1 /* Message.swift */; };
		54CC2C322916B2AA00449DA1 /* MessageCell.swift in Sources */ = {isa = PBXBuildFile; fileRef = 54CC2C302916B2AA00449DA1 /* MessageCell.swift */; };
		54CC2C332916B2AA00449DA1 /* MessageCell.xib in Resources */ = {isa = PBXBuildFile; fileRef = 54CC2C312916B2AA00449DA1 /* MessageCell.xib */; };
		54CC51B7291321AC0098DFD6 /* GoogleService-Info.plist in Resources */ = {isa = PBXBuildFile; fileRef = 54CC51B6291321AC0098DFD6 /* GoogleService-Info.plist */; };
		54CC51BA291323CE0098DFD6 /* FirebaseAuth in Frameworks */ = {isa = PBXBuildFile; productRef = 54CC51B9291323CE0098DFD6 /* FirebaseAuth */; };
		54CC51BC291323CE0098DFD6 /* FirebaseFirestore in Frameworks */ = {isa = PBXBuildFile; productRef = 54CC51BB291323CE0098DFD6 /* FirebaseFirestore */; };
		54EA69F32917353200EB1DC6 /* IQKeyboardManagerSwift in Frameworks */ = {isa = PBXBuildFile; productRef = 54EA69F22917353200EB1DC6 /* IQKeyboardManagerSwift */; };
		C63B67769857AD2420740567 /* Pods_Flash_Chat.framework in Frameworks */ = {isa = PBXBuildFile; fileRef = 922EE84378D07E194B1162C9 /* Pods_Flash_Chat.framework */; };
/* End PBXBuildFile section */

/* Begin PBXFileReference section */
		12F38E131D84549FB5BEF7B7 /* Pods-Flash Chat.debug.xcconfig */ = {isa = PBXFileReference; includeInIndex = 1; lastKnownFileType = text.xcconfig; name = "Pods-Flash Chat.debug.xcconfig"; path = "Target Support Files/Pods-Flash Chat/Pods-Flash Chat.debug.xcconfig"; sourceTree = "<group>"; };
		54C60B9E2912ACBA003DA0E9 /* Flash Chat.app */ = {isa = PBXFileReference; explicitFileType = wrapper.application; includeInIndex = 0; path = "Flash Chat.app"; sourceTree = BUILT_PRODUCTS_DIR; };
		54C60BA12912ACBA003DA0E9 /* AppDelegate.swift */ = {isa = PBXFileReference; lastKnownFileType = sourcecode.swift; path = AppDelegate.swift; sourceTree = "<group>"; };
		54C60BA32912ACBA003DA0E9 /* SceneDelegate.swift */ = {isa = PBXFileReference; lastKnownFileType = sourcecode.swift; path = SceneDelegate.swift; sourceTree = "<group>"; };
		54C60BA52912ACBA003DA0E9 /* ViewController.swift */ = {isa = PBXFileReference; lastKnownFileType = sourcecode.swift; path = ViewController.swift; sourceTree = "<group>"; };
		54C60BA82912ACBA003DA0E9 /* Base */ = {isa = PBXFileReference; lastKnownFileType = file.storyboard; name = Base; path = Base.lproj/Main.storyboard; sourceTree = "<group>"; };
		54C60BAA2912ACBC003DA0E9 /* Assets.xcassets */ = {isa = PBXFileReference; lastKnownFileType = folder.assetcatalog; path = Assets.xcassets; sourceTree = "<group>"; };
		54C60BAD2912ACBC003DA0E9 /* Base */ = {isa = PBXFileReference; lastKnownFileType = file.storyboard; name = Base; path = Base.lproj/LaunchScreen.storyboard; sourceTree = "<group>"; };
		54C60BAF2912ACBC003DA0E9 /* Info.plist */ = {isa = PBXFileReference; lastKnownFileType = text.plist.xml; path = Info.plist; sourceTree = "<group>"; };
		54C60BBA2912AE0A003DA0E9 /* WelcomeViewController.swift */ = {isa = PBXFileReference; lastKnownFileType = sourcecode.swift; path = WelcomeViewController.swift; sourceTree = "<group>"; };
		54C60BBC2912AECC003DA0E9 /* ChatViewController.swift */ = {isa = PBXFileReference; lastKnownFileType = sourcecode.swift; path = ChatViewController.swift; sourceTree = "<group>"; };
		54C60BBE2912AEE3003DA0E9 /* RegisterViewController.swift */ = {isa = PBXFileReference; lastKnownFileType = sourcecode.swift; path = RegisterViewController.swift; sourceTree = "<group>"; };
		54C60BC02912AEF6003DA0E9 /* LoginViewController.swift */ = {isa = PBXFileReference; lastKnownFileType = sourcecode.swift; path = LoginViewController.swift; sourceTree = "<group>"; };
		54CC2C2C2916A6D200449DA1 /* constants.swift */ = {isa = PBXFileReference; lastKnownFileType = sourcecode.swift; path = constants.swift; sourceTree = "<group>"; };
		54CC2C2E2916AE2F00449DA1 /* Message.swift */ = {isa = PBXFileReference; lastKnownFileType = sourcecode.swift; path = Message.swift; sourceTree = "<group>"; };
		54CC2C302916B2AA00449DA1 /* MessageCell.swift */ = {isa = PBXFileReference; lastKnownFileType = sourcecode.swift; path = MessageCell.swift; sourceTree = "<group>"; };
		54CC2C312916B2AA00449DA1 /* MessageCell.xib */ = {isa = PBXFileReference; lastKnownFileType = file.xib; path = MessageCell.xib; sourceTree = "<group>"; };
		54CC51B6291321AC0098DFD6 /* GoogleService-Info.plist */ = {isa = PBXFileReference; fileEncoding = 4; lastKnownFileType = text.plist.xml; path = "GoogleService-Info.plist"; sourceTree = "<group>"; };
		922EE84378D07E194B1162C9 /* Pods_Flash_Chat.framework */ = {isa = PBXFileReference; explicitFileType = wrapper.framework; includeInIndex = 0; path = Pods_Flash_Chat.framework; sourceTree = BUILT_PRODUCTS_DIR; };
		97AE0A62366693721BBF589A /* Pods-Flash Chat.release.xcconfig */ = {isa = PBXFileReference; includeInIndex = 1; lastKnownFileType = text.xcconfig; name = "Pods-Flash Chat.release.xcconfig"; path = "Target Support Files/Pods-Flash Chat/Pods-Flash Chat.release.xcconfig"; sourceTree = "<group>"; };
/* End PBXFileReference section */

/* Begin PBXFrameworksBuildPhase section */
		54C60B9B2912ACBA003DA0E9 /* Frameworks */ = {
			isa = PBXFrameworksBuildPhase;
			buildActionMask = 2147483647;
			files = (
				C63B67769857AD2420740567 /* Pods_Flash_Chat.framework in Frameworks */,
				54EA69F32917353200EB1DC6 /* IQKeyboardManagerSwift in Frameworks */,
				54CC51BA291323CE0098DFD6 /* FirebaseAuth in Frameworks */,
				54CC51BC291323CE0098DFD6 /* FirebaseFirestore in Frameworks */,
			);
			runOnlyForDeploymentPostprocessing = 0;
		};
/* End PBXFrameworksBuildPhase section */

/* Begin PBXGroup section */
		19F6D73018F2534D7DEC2C42 /* Pods */ = {
			isa = PBXGroup;
			children = (
				12F38E131D84549FB5BEF7B7 /* Pods-Flash Chat.debug.xcconfig */,
				97AE0A62366693721BBF589A /* Pods-Flash Chat.release.xcconfig */,
			);
			path = Pods;
			sourceTree = "<group>";
		};
		54C60B952912ACBA003DA0E9 = {
			isa = PBXGroup;
			children = (
				54C60BA02912ACBA003DA0E9 /* Flash Chat */,
				54C60B9F2912ACBA003DA0E9 /* Products */,
				19F6D73018F2534D7DEC2C42 /* Pods */,
				C7E884D5ED8690AB1A0BF181 /* Frameworks */,
			);
			sourceTree = "<group>";
		};
		54C60B9F2912ACBA003DA0E9 /* Products */ = {
			isa = PBXGroup;
			children = (
				54C60B9E2912ACBA003DA0E9 /* Flash Chat.app */,
			);
			name = Products;
			sourceTree = "<group>";
		};
		54C60BA02912ACBA003DA0E9 /* Flash Chat */ = {
			isa = PBXGroup;
			children = (
				54C60BB72912ACFC003DA0E9 /* Controllers */,
				54C60BB62912ACF2003DA0E9 /* Views */,
				54C60BB52912ACE5003DA0E9 /* Models */,
				54C60BA12912ACBA003DA0E9 /* AppDelegate.swift */,
				54C60BA32912ACBA003DA0E9 /* SceneDelegate.swift */,
				54C60BA52912ACBA003DA0E9 /* ViewController.swift */,
				54C60BAA2912ACBC003DA0E9 /* Assets.xcassets */,
				54C60BAC2912ACBC003DA0E9 /* LaunchScreen.storyboard */,
				54C60BAF2912ACBC003DA0E9 /* Info.plist */,
				54CC51B6291321AC0098DFD6 /* GoogleService-Info.plist */,
				54CC2C2C2916A6D200449DA1 /* constants.swift */,
			);
			path = "Flash Chat";
			sourceTree = "<group>";
		};
		54C60BB52912ACE5003DA0E9 /* Models */ = {
			isa = PBXGroup;
			children = (
				54CC2C2E2916AE2F00449DA1 /* Message.swift */,
			);
			path = Models;
			sourceTree = "<group>";
		};
		54C60BB62912ACF2003DA0E9 /* Views */ = {
			isa = PBXGroup;
			children = (
				54C60BA72912ACBA003DA0E9 /* Main.storyboard */,
				54CC2C302916B2AA00449DA1 /* MessageCell.swift */,
				54CC2C312916B2AA00449DA1 /* MessageCell.xib */,
			);
			path = Views;
			sourceTree = "<group>";
		};
		54C60BB72912ACFC003DA0E9 /* Controllers */ = {
			isa = PBXGroup;
			children = (
				54C60BBA2912AE0A003DA0E9 /* WelcomeViewController.swift */,
				54C60BBC2912AECC003DA0E9 /* ChatViewController.swift */,
				54C60BBE2912AEE3003DA0E9 /* RegisterViewController.swift */,
				54C60BC02912AEF6003DA0E9 /* LoginViewController.swift */,
			);
			path = Controllers;
			sourceTree = "<group>";
		};
		C7E884D5ED8690AB1A0BF181 /* Frameworks */ = {
			isa = PBXGroup;
			children = (
				922EE84378D07E194B1162C9 /* Pods_Flash_Chat.framework */,
			);
			name = Frameworks;
			sourceTree = "<group>";
		};
/* End PBXGroup section */

/* Begin PBXNativeTarget section */
		54C60B9D2912ACBA003DA0E9 /* Flash Chat */ = {
			isa = PBXNativeTarget;
			buildConfigurationList = 54C60BB22912ACBC003DA0E9 /* Build configuration list for PBXNativeTarget "Flash Chat" */;
			buildPhases = (
				412A421E8B814771AC75DD2B /* [CP] Check Pods Manifest.lock */,
				54C60B9A2912ACBA003DA0E9 /* Sources */,
				54C60B9B2912ACBA003DA0E9 /* Frameworks */,
				54C60B9C2912ACBA003DA0E9 /* Resources */,
				C5640D40376665BBF0DE6BA9 /* [CP] Embed Pods Frameworks */,
			);
			buildRules = (
			);
			dependencies = (
			);
			name = "Flash Chat";
			packageProductDependencies = (
				54CC51B9291323CE0098DFD6 /* FirebaseAuth */,
				54CC51BB291323CE0098DFD6 /* FirebaseFirestore */,
				54EA69F22917353200EB1DC6 /* IQKeyboardManagerSwift */,
			);
			productName = "Flash Chat";
			productReference = 54C60B9E2912ACBA003DA0E9 /* Flash Chat.app */;
			productType = "com.apple.product-type.application";
		};
/* End PBXNativeTarget section */

/* Begin PBXProject section */
		54C60B962912ACBA003DA0E9 /* Project object */ = {
			isa = PBXProject;
			attributes = {
				BuildIndependentTargetsInParallel = 1;
				LastSwiftUpdateCheck = 1400;
				LastUpgradeCheck = 1400;
				TargetAttributes = {
					54C60B9D2912ACBA003DA0E9 = {
						CreatedOnToolsVersion = 14.0.1;
					};
				};
			};
			buildConfigurationList = 54C60B992912ACBA003DA0E9 /* Build configuration list for PBXProject "Flash Chat" */;
			compatibilityVersion = "Xcode 13.0";
			developmentRegion = en;
			hasScannedForEncodings = 0;
			knownRegions = (
				en,
				Base,
			);
			mainGroup = 54C60B952912ACBA003DA0E9;
			packageReferences = (
				54CC51B8291323CE0098DFD6 /* XCRemoteSwiftPackageReference "firebase-ios-sdk" */,
				54EA69F12917353200EB1DC6 /* XCRemoteSwiftPackageReference "IQKeyboardManager" */,
			);
			productRefGroup = 54C60B9F2912ACBA003DA0E9 /* Products */;
			projectDirPath = "";
			projectRoot = "";
			targets = (
				54C60B9D2912ACBA003DA0E9 /* Flash Chat */,
			);
		};
/* End PBXProject section */

/* Begin PBXResourcesBuildPhase section */
		54C60B9C2912ACBA003DA0E9 /* Resources */ = {
			isa = PBXResourcesBuildPhase;
			buildActionMask = 2147483647;
			files = (
				54CC2C332916B2AA00449DA1 /* MessageCell.xib in Resources */,
				54C60BAE2912ACBC003DA0E9 /* LaunchScreen.storyboard in Resources */,
				54CC51B7291321AC0098DFD6 /* GoogleService-Info.plist in Resources */,
				54C60BAB2912ACBC003DA0E9 /* Assets.xcassets in Resources */,
				54C60BA92912ACBA003DA0E9 /* Main.storyboard in Resources */,
			);
			runOnlyForDeploymentPostprocessing = 0;
		};
/* End PBXResourcesBuildPhase section */

/* Begin PBXShellScriptBuildPhase section */
		412A421E8B814771AC75DD2B /* [CP] Check Pods Manifest.lock */ = {
			isa = PBXShellScriptBuildPhase;
			buildActionMask = 2147483647;
			files = (
			);
			inputFileListPaths = (
			);
			inputPaths = (
				"${PODS_PODFILE_DIR_PATH}/Podfile.lock",
				"${PODS_ROOT}/Manifest.lock",
			);
			name = "[CP] Check Pods Manifest.lock";
			outputFileListPaths = (
			);
			outputPaths = (
				"$(DERIVED_FILE_DIR)/Pods-Flash Chat-checkManifestLockResult.txt",
			);
			runOnlyForDeploymentPostprocessing = 0;
			shellPath = /bin/sh;
			shellScript = "diff \"${PODS_PODFILE_DIR_PATH}/Podfile.lock\" \"${PODS_ROOT}/Manifest.lock\" > /dev/null\nif [ $? != 0 ] ; then\n    # print error to STDERR\n    echo \"error: The sandbox is not in sync with the Podfile.lock. Run 'pod install' or update your CocoaPods installation.\" >&2\n    exit 1\nfi\n# This output is used by Xcode 'outputs' to avoid re-running this script phase.\necho \"SUCCESS\" > \"${SCRIPT_OUTPUT_FILE_0}\"\n";
			showEnvVarsInLog = 0;
		};
		C5640D40376665BBF0DE6BA9 /* [CP] Embed Pods Frameworks */ = {
			isa = PBXShellScriptBuildPhase;
			buildActionMask = 2147483647;
			files = (
			);
			inputFileListPaths = (
				"${PODS_ROOT}/Target Support Files/Pods-Flash Chat/Pods-Flash Chat-frameworks-${CONFIGURATION}-input-files.xcfilelist",
			);
			name = "[CP] Embed Pods Frameworks";
			outputFileListPaths = (
				"${PODS_ROOT}/Target Support Files/Pods-Flash Chat/Pods-Flash Chat-frameworks-${CONFIGURATION}-output-files.xcfilelist",
			);
			runOnlyForDeploymentPostprocessing = 0;
			shellPath = /bin/sh;
			shellScript = "\"${PODS_ROOT}/Target Support Files/Pods-Flash Chat/Pods-Flash Chat-frameworks.sh\"\n";
			showEnvVarsInLog = 0;
		};
/* End PBXShellScriptBuildPhase section */

/* Begin PBXSourcesBuildPhase section */
		54C60B9A2912ACBA003DA0E9 /* Sources */ = {
			isa = PBXSourcesBuildPhase;
			buildActionMask = 2147483647;
			files = (
				54C60BC12912AEF6003DA0E9 /* LoginViewController.swift in Sources */,
				54CC2C322916B2AA00449DA1 /* MessageCell.swift in Sources */,
				54C60BA62912ACBA003DA0E9 /* ViewController.swift in Sources */,
				54C60BBB2912AE0A003DA0E9 /* WelcomeViewController.swift in Sources */,
				54CC2C2F2916AE2F00449DA1 /* Message.swift in Sources */,
				54C60BA22912ACBA003DA0E9 /* AppDelegate.swift in Sources */,
				54C60BBF2912AEE3003DA0E9 /* RegisterViewController.swift in Sources */,
				54C60BBD2912AECC003DA0E9 /* ChatViewController.swift in Sources */,
				54C60BA42912ACBA003DA0E9 /* SceneDelegate.swift in Sources */,
				54CC2C2D2916A6D200449DA1 /* constants.swift in Sources */,
			);
			runOnlyForDeploymentPostprocessing = 0;
		};
/* End PBXSourcesBuildPhase section */

/* Begin PBXVariantGroup section */
		54C60BA72912ACBA003DA0E9 /* Main.storyboard */ = {
			isa = PBXVariantGroup;
			children = (
				54C60BA82912ACBA003DA0E9 /* Base */,
			);
			name = Main.storyboard;
			sourceTree = "<group>";
		};
		54C60BAC2912ACBC003DA0E9 /* LaunchScreen.storyboard */ = {
			isa = PBXVariantGroup;
			children = (
				54C60BAD2912ACBC003DA0E9 /* Base */,
			);
			name = LaunchScreen.storyboard;
			sourceTree = "<group>";
		};
/* End PBXVariantGroup section */

/* Begin XCBuildConfiguration section */
		54C60BB02912ACBC003DA0E9 /* Debug */ = {
			isa = XCBuildConfiguration;
			buildSettings = {
				ALWAYS_SEARCH_USER_PATHS = NO;
				CLANG_ANALYZER_NONNULL = YES;
				CLANG_ANALYZER_NUMBER_OBJECT_CONVERSION = YES_AGGRESSIVE;
				CLANG_CXX_LANGUAGE_STANDARD = "gnu++20";
				CLANG_ENABLE_MODULES = YES;
				CLANG_ENABLE_OBJC_ARC = YES;
				CLANG_ENABLE_OBJC_WEAK = YES;
				CLANG_WARN_BLOCK_CAPTURE_AUTORELEASING = YES;
				CLANG_WARN_BOOL_CONVERSION = YES;
				CLANG_WARN_COMMA = YES;
				CLANG_WARN_CONSTANT_CONVERSION = YES;
				CLANG_WARN_DEPRECATED_OBJC_IMPLEMENTATIONS = YES;
				CLANG_WARN_DIRECT_OBJC_ISA_USAGE = YES_ERROR;
				CLANG_WARN_DOCUMENTATION_COMMENTS = YES;
				CLANG_WARN_EMPTY_BODY = YES;
				CLANG_WARN_ENUM_CONVERSION = YES;
				CLANG_WARN_INFINITE_RECURSION = YES;
				CLANG_WARN_INT_CONVERSION = YES;
				CLANG_WARN_NON_LITERAL_NULL_CONVERSION = YES;
				CLANG_WARN_OBJC_IMPLICIT_RETAIN_SELF = YES;
				CLANG_WARN_OBJC_LITERAL_CONVERSION = YES;
				CLANG_WARN_OBJC_ROOT_CLASS = YES_ERROR;
				CLANG_WARN_QUOTED_INCLUDE_IN_FRAMEWORK_HEADER = YES;
				CLANG_WARN_RANGE_LOOP_ANALYSIS = YES;
				CLANG_WARN_STRICT_PROTOTYPES = YES;
				CLANG_WARN_SUSPICIOUS_MOVE = YES;
				CLANG_WARN_UNGUARDED_AVAILABILITY = YES_AGGRESSIVE;
				CLANG_WARN_UNREACHABLE_CODE = YES;
				CLANG_WARN__DUPLICATE_METHOD_MATCH = YES;
				COPY_PHASE_STRIP = NO;
				DEBUG_INFORMATION_FORMAT = dwarf;
				ENABLE_STRICT_OBJC_MSGSEND = YES;
				ENABLE_TESTABILITY = YES;
				GCC_C_LANGUAGE_STANDARD = gnu11;
				GCC_DYNAMIC_NO_PIC = NO;
				GCC_NO_COMMON_BLOCKS = YES;
				GCC_OPTIMIZATION_LEVEL = 0;
				GCC_PREPROCESSOR_DEFINITIONS = (
					"DEBUG=1",
					"$(inherited)",
				);
				GCC_WARN_64_TO_32_BIT_CONVERSION = YES;
				GCC_WARN_ABOUT_RETURN_TYPE = YES_ERROR;
				GCC_WARN_UNDECLARED_SELECTOR = YES;
				GCC_WARN_UNINITIALIZED_AUTOS = YES_AGGRESSIVE;
				GCC_WARN_UNUSED_FUNCTION = YES;
				GCC_WARN_UNUSED_VARIABLE = YES;
				IPHONEOS_DEPLOYMENT_TARGET = 16.0;
				MTL_ENABLE_DEBUG_INFO = INCLUDE_SOURCE;
				MTL_FAST_MATH = YES;
				ONLY_ACTIVE_ARCH = YES;
				SDKROOT = iphoneos;
				SWIFT_ACTIVE_COMPILATION_CONDITIONS = DEBUG;
				SWIFT_OPTIMIZATION_LEVEL = "-Onone";
			};
			name = Debug;
		};
		54C60BB12912ACBC003DA0E9 /* Release */ = {
			isa = XCBuildConfiguration;
			buildSettings = {
				ALWAYS_SEARCH_USER_PATHS = NO;
				CLANG_ANALYZER_NONNULL = YES;
				CLANG_ANALYZER_NUMBER_OBJECT_CONVERSION = YES_AGGRESSIVE;
				CLANG_CXX_LANGUAGE_STANDARD = "gnu++20";
				CLANG_ENABLE_MODULES = YES;
				CLANG_ENABLE_OBJC_ARC = YES;
				CLANG_ENABLE_OBJC_WEAK = YES;
				CLANG_WARN_BLOCK_CAPTURE_AUTORELEASING = YES;
				CLANG_WARN_BOOL_CONVERSION = YES;
				CLANG_WARN_COMMA = YES;
				CLANG_WARN_CONSTANT_CONVERSION = YES;
				CLANG_WARN_DEPRECATED_OBJC_IMPLEMENTATIONS = YES;
				CLANG_WARN_DIRECT_OBJC_ISA_USAGE = YES_ERROR;
				CLANG_WARN_DOCUMENTATION_COMMENTS = YES;
				CLANG_WARN_EMPTY_BODY = YES;
				CLANG_WARN_ENUM_CONVERSION = YES;
				CLANG_WARN_INFINITE_RECURSION = YES;
				CLANG_WARN_INT_CONVERSION = YES;
				CLANG_WARN_NON_LITERAL_NULL_CONVERSION = YES;
				CLANG_WARN_OBJC_IMPLICIT_RETAIN_SELF = YES;
				CLANG_WARN_OBJC_LITERAL_CONVERSION = YES;
				CLANG_WARN_OBJC_ROOT_CLASS = YES_ERROR;
				CLANG_WARN_QUOTED_INCLUDE_IN_FRAMEWORK_HEADER = YES;
				CLANG_WARN_RANGE_LOOP_ANALYSIS = YES;
				CLANG_WARN_STRICT_PROTOTYPES = YES;
				CLANG_WARN_SUSPICIOUS_MOVE = YES;
				CLANG_WARN_UNGUARDED_AVAILABILITY = YES_AGGRESSIVE;
				CLANG_WARN_UNREACHABLE_CODE = YES;
				CLANG_WARN__DUPLICATE_METHOD_MATCH = YES;
				COPY_PHASE_STRIP = NO;
				DEBUG_INFORMATION_FORMAT = "dwarf-with-dsym";
				ENABLE_NS_ASSERTIONS = NO;
				ENABLE_STRICT_OBJC_MSGSEND = YES;
				GCC_C_LANGUAGE_STANDARD = gnu11;
				GCC_NO_COMMON_BLOCKS = YES;
				GCC_WARN_64_TO_32_BIT_CONVERSION = YES;
				GCC_WARN_ABOUT_RETURN_TYPE = YES_ERROR;
				GCC_WARN_UNDECLARED_SELECTOR = YES;
				GCC_WARN_UNINITIALIZED_AUTOS = YES_AGGRESSIVE;
				GCC_WARN_UNUSED_FUNCTION = YES;
				GCC_WARN_UNUSED_VARIABLE = YES;
				IPHONEOS_DEPLOYMENT_TARGET = 16.0;
				MTL_ENABLE_DEBUG_INFO = NO;
				MTL_FAST_MATH = YES;
				SDKROOT = iphoneos;
				SWIFT_COMPILATION_MODE = wholemodule;
				SWIFT_OPTIMIZATION_LEVEL = "-O";
				VALIDATE_PRODUCT = YES;
			};
			name = Release;
		};
		54C60BB32912ACBC003DA0E9 /* Debug */ = {
			isa = XCBuildConfiguration;
			baseConfigurationReference = 12F38E131D84549FB5BEF7B7 /* Pods-Flash Chat.debug.xcconfig */;
			buildSettings = {
				ASSETCATALOG_COMPILER_APPICON_NAME = AppIcon;
				ASSETCATALOG_COMPILER_GLOBAL_ACCENT_COLOR_NAME = AccentColor;
				CODE_SIGN_STYLE = Automatic;
				CURRENT_PROJECT_VERSION = 1;
				DEVELOPMENT_TEAM = 43AL79RXM6;
				GENERATE_INFOPLIST_FILE = YES;
				INFOPLIST_FILE = "Flash Chat/Info.plist";
				INFOPLIST_KEY_UIApplicationSupportsIndirectInputEvents = YES;
				INFOPLIST_KEY_UILaunchStoryboardName = LaunchScreen;
				INFOPLIST_KEY_UIMainStoryboardFile = Main;
				INFOPLIST_KEY_UISupportedInterfaceOrientations_iPad = "UIInterfaceOrientationPortrait UIInterfaceOrientationPortraitUpsideDown UIInterfaceOrientationLandscapeLeft UIInterfaceOrientationLandscapeRight";
				INFOPLIST_KEY_UISupportedInterfaceOrientations_iPhone = "UIInterfaceOrientationPortrait UIInterfaceOrientationLandscapeLeft UIInterfaceOrientationLandscapeRight";
				LD_RUNPATH_SEARCH_PATHS = (
					"$(inherited)",
					"@executable_path/Frameworks",
				);
				MARKETING_VERSION = 1.0;
				PRODUCT_BUNDLE_IDENTIFIER = "com.utkukaangulsoy.Flash-Chat";
				PRODUCT_NAME = "$(TARGET_NAME)";
				SWIFT_EMIT_LOC_STRINGS = YES;
				SWIFT_VERSION = 5.0;
				TARGETED_DEVICE_FAMILY = "1,2";
			};
			name = Debug;
		};
		54C60BB42912ACBC003DA0E9 /* Release */ = {
			isa = XCBuildConfiguration;
			baseConfigurationReference = 97AE0A62366693721BBF589A /* Pods-Flash Chat.release.xcconfig */;
			buildSettings = {
				ASSETCATALOG_COMPILER_APPICON_NAME = AppIcon;
				ASSETCATALOG_COMPILER_GLOBAL_ACCENT_COLOR_NAME = AccentColor;
				CODE_SIGN_STYLE = Automatic;
				CURRENT_PROJECT_VERSION = 1;
				DEVELOPMENT_TEAM = 43AL79RXM6;
				GENERATE_INFOPLIST_FILE = YES;
				INFOPLIST_FILE = "Flash Chat/Info.plist";
				INFOPLIST_KEY_UIApplicationSupportsIndirectInputEvents = YES;
				INFOPLIST_KEY_UILaunchStoryboardName = LaunchScreen;
				INFOPLIST_KEY_UIMainStoryboardFile = Main;
				INFOPLIST_KEY_UISupportedInterfaceOrientations_iPad = "UIInterfaceOrientationPortrait UIInterfaceOrientationPortraitUpsideDown UIInterfaceOrientationLandscapeLeft UIInterfaceOrientationLandscapeRight";
				INFOPLIST_KEY_UISupportedInterfaceOrientations_iPhone = "UIInterfaceOrientationPortrait UIInterfaceOrientationLandscapeLeft UIInterfaceOrientationLandscapeRight";
				LD_RUNPATH_SEARCH_PATHS = (
					"$(inherited)",
					"@executable_path/Frameworks",
				);
				MARKETING_VERSION = 1.0;
				PRODUCT_BUNDLE_IDENTIFIER = "com.utkukaangulsoy.Flash-Chat";
				PRODUCT_NAME = "$(TARGET_NAME)";
				SWIFT_EMIT_LOC_STRINGS = YES;
				SWIFT_VERSION = 5.0;
				TARGETED_DEVICE_FAMILY = "1,2";
			};
			name = Release;
		};
/* End XCBuildConfiguration section */

/* Begin XCConfigurationList section */
		54C60B992912ACBA003DA0E9 /* Build configuration list for PBXProject "Flash Chat" */ = {
			isa = XCConfigurationList;
			buildConfigurations = (
				54C60BB02912ACBC003DA0E9 /* Debug */,
				54C60BB12912ACBC003DA0E9 /* Release */,
			);
			defaultConfigurationIsVisible = 0;
			defaultConfigurationName = Release;
		};
		54C60BB22912ACBC003DA0E9 /* Build configuration list for PBXNativeTarget "Flash Chat" */ = {
			isa = XCConfigurationList;
			buildConfigurations = (
				54C60BB32912ACBC003DA0E9 /* Debug */,
				54C60BB42912ACBC003DA0E9 /* Release */,
			);
			defaultConfigurationIsVisible = 0;
			defaultConfigurationName = Release;
		};
/* End XCConfigurationList section */

/* Begin XCRemoteSwiftPackageReference section */
		54CC51B8291323CE0098DFD6 /* XCRemoteSwiftPackageReference "firebase-ios-sdk" */ = {
			isa = XCRemoteSwiftPackageReference;
			repositoryURL = "https://github.com/firebase/firebase-ios-sdk";
			requirement = {
				kind = upToNextMajorVersion;
				minimumVersion = 9.0.0;
			};
		};
		54EA69F12917353200EB1DC6 /* XCRemoteSwiftPackageReference "IQKeyboardManager" */ = {
			isa = XCRemoteSwiftPackageReference;
			repositoryURL = "https://github.com/hackiftekhar/IQKeyboardManager";
			requirement = {
				kind = upToNextMajorVersion;
				minimumVersion = 6.5.10;
			};
		};
/* End XCRemoteSwiftPackageReference section */

/* Begin XCSwiftPackageProductDependency section */
		54CC51B9291323CE0098DFD6 /* FirebaseAuth */ = {
			isa = XCSwiftPackageProductDependency;
			package = 54CC51B8291323CE0098DFD6 /* XCRemoteSwiftPackageReference "firebase-ios-sdk" */;
			productName = FirebaseAuth;
		};
		54CC51BB291323CE0098DFD6 /* FirebaseFirestore */ = {
			isa = XCSwiftPackageProductDependency;
			package = 54CC51B8291323CE0098DFD6 /* XCRemoteSwiftPackageReference "firebase-ios-sdk" */;
			productName = FirebaseFirestore;
		};
		54EA69F22917353200EB1DC6 /* IQKeyboardManagerSwift */ = {
			isa = XCSwiftPackageProductDependency;
			package = 54EA69F12917353200EB1DC6 /* XCRemoteSwiftPackageReference "IQKeyboardManager" */;
			productName = IQKeyboardManagerSwift;
		};
/* End XCSwiftPackageProductDependency section */
	};
	rootObject = 54C60B962912ACBA003DA0E9 /* Project object */;
}
